
Microsoft Visual Studio Solution File, Format Version 12.00
# Visual Studio Version 16
VisualStudioVersion = 16.0.32002.261
MinimumVisualStudioVersion = 10.0.40219.1
Project("{8BC9CEB8-8B4A-11D0-8D11-00A0C91BC942}") = "MFCChatClient", "MFCChatClient.vcxproj", "{30989B48-74A6-4844-BF4E-3C106A43CFEA}"
EndProject
Project("{8BC9CEB8-8B4A-11D0-8D11-00A0C91BC942}") = "MFCChatServer", "..\MFCChatServer\MFCChatServer.vcxproj", "{A65F2598-8C51-448E-8AE1-E25181416EC0}"
EndProject
Global
	GlobalSection(SolutionConfigurationPlatforms) = preSolution
		Debug|x64 = Debug|x64
		Debug|x86 = Debug|x86
		Release|x64 = Release|x64
		Release|x86 = Release|x86
	EndGlobalSection
	GlobalSection(ProjectConfigurationPlatforms) = postSolution
		{30989B48-74A6-4844-BF4E-3C106A43CFEA}.Debug|x64.ActiveCfg = Debug|x64
		{30989B48-74A6-4844-BF4E-3C106A43CFEA}.Debug|x64.Build.0 = Debug|x64
		{30989B48-74A6-4844-BF4E-3C106A43CFEA}.Debug|x86.ActiveCfg = Debug|Win32
		{30989B48-74A6-4844-BF4E-3C106A43CFEA}.Debug|x86.Build.0 = Debug|Win32
		{30989B48-74A6-4844-BF4E-3C106A43CFEA}.Release|x64.ActiveCfg = Release|x64
		{30989B48-74A6-4844-BF4E-3C106A43CFEA}.Release|x64.Build.0 = Release|x64
		{30989B48-74A6-4844-BF4E-3C106A43CFEA}.Release|x86.ActiveCfg = Release|Win32
		{30989B48-74A6-4844-BF4E-3C106A43CFEA}.Release|x86.Build.0 = Release|Win32
		{A65F2598-8C51-448E-8AE1-E25181416EC0}.Debug|x64.ActiveCfg = Debug|x64
		{A65F2598-8C51-448E-8AE1-E25181416EC0}.Debug|x64.Build.0 = Debug|x64
		{A65F2598-8C51-448E-8AE1-E25181416EC0}.Debug|x86.ActiveCfg = Debug|Win32
		{A65F2598-8C51-448E-8AE1-E25181416EC0}.Debug|x86.Build.0 = Debug|Win32
		{A65F2598-8C51-448E-8AE1-E25181416EC0}.Release|x64.ActiveCfg = Release|x64
		{A65F2598-8C51-448E-8AE1-E25181416EC0}.Release|x64.Build.0 = Release|x64
		{A65F2598-8C51-448E-8AE1-E25181416EC0}.Release|x86.ActiveCfg = Release|Win32
		{A65F2598-8C51-448E-8AE1-E25181416EC0}.Release|x86.Build.0 = Release|Win32
	EndGlobalSection
	GlobalSection(SolutionProperties) = preSolution
		HideSolutionNode = FALSE
	EndGlobalSection
	GlobalSection(ExtensibilityGlobals) = postSolution
		SolutionGuid = {ABD5FDD9-A9F8-4154-AFFB-4E75DC824CC2}
	EndGlobalSection
EndGlobal
